
Microsoft Visual Studio Solution File, Format Version 12.00
# Visual Studio Version 17
VisualStudioVersion = 17.8.34525.116
MinimumVisualStudioVersion = 10.0.40219.1
Project("{FAE04EC0-301F-11D3-BF4B-00C04F79EFBC}") = "ACMESchool.Domain", "ACMESchool.Domain\ACMESchool.Domain.csproj", "{B43405E3-4930-4380-8929-006DE3AB5D02}"
EndProject
Project("{FAE04EC0-301F-11D3-BF4B-00C04F79EFBC}") = "ACMESchool.Application", "ACMESchool.Application\ACMESchool.Application.csproj", "{E29DC867-B328-4F70-BDC8-0DC4071EA093}"
EndProject
Project("{FAE04EC0-301F-11D3-BF4B-00C04F79EFBC}") = "ACMESchool.Infrastructure", "ACMESchool.Infrastructure\ACMESchool.Infrastructure.csproj", "{44D54AA3-20D2-4D2A-AA84-03D5B726B7F8}"
EndProject
Project("{FAE04EC0-301F-11D3-BF4B-00C04F79EFBC}") = "SchoolManagementTests", "SchoolManagementTests\SchoolManagementTests.csproj", "{40068D02-CCE5-4321-8875-8CBB6CA61706}"
EndProject
Global
	GlobalSection(SolutionConfigurationPlatforms) = preSolution
		Debug|Any CPU = Debug|Any CPU
		Release|Any CPU = Release|Any CPU
	EndGlobalSection
	GlobalSection(ProjectConfigurationPlatforms) = postSolution
		{B43405E3-4930-4380-8929-006DE3AB5D02}.Debug|Any CPU.ActiveCfg = Debug|Any CPU
		{B43405E3-4930-4380-8929-006DE3AB5D02}.Debug|Any CPU.Build.0 = Debug|Any CPU
		{B43405E3-4930-4380-8929-006DE3AB5D02}.Release|Any CPU.ActiveCfg = Release|Any CPU
		{B43405E3-4930-4380-8929-006DE3AB5D02}.Release|Any CPU.Build.0 = Release|Any CPU
		{E29DC867-B328-4F70-BDC8-0DC4071EA093}.Debug|Any CPU.ActiveCfg = Debug|Any CPU
		{E29DC867-B328-4F70-BDC8-0DC4071EA093}.Debug|Any CPU.Build.0 = Debug|Any CPU
		{E29DC867-B328-4F70-BDC8-0DC4071EA093}.Release|Any CPU.ActiveCfg = Release|Any CPU
		{E29DC867-B328-4F70-BDC8-0DC4071EA093}.Release|Any CPU.Build.0 = Release|Any CPU
		{44D54AA3-20D2-4D2A-AA84-03D5B726B7F8}.Debug|Any CPU.ActiveCfg = Debug|Any CPU
		{44D54AA3-20D2-4D2A-AA84-03D5B726B7F8}.Debug|Any CPU.Build.0 = Debug|Any CPU
		{44D54AA3-20D2-4D2A-AA84-03D5B726B7F8}.Release|Any CPU.ActiveCfg = Release|Any CPU
		{44D54AA3-20D2-4D2A-AA84-03D5B726B7F8}.Release|Any CPU.Build.0 = Release|Any CPU
		{40068D02-CCE5-4321-8875-8CBB6CA61706}.Debug|Any CPU.ActiveCfg = Debug|Any CPU
		{40068D02-CCE5-4321-8875-8CBB6CA61706}.Debug|Any CPU.Build.0 = Debug|Any CPU
		{40068D02-CCE5-4321-8875-8CBB6CA61706}.Release|Any CPU.ActiveCfg = Release|Any CPU
		{40068D02-CCE5-4321-8875-8CBB6CA61706}.Release|Any CPU.Build.0 = Release|Any CPU
	EndGlobalSection
	GlobalSection(SolutionProperties) = preSolution
		HideSolutionNode = FALSE
	EndGlobalSection
	GlobalSection(ExtensibilityGlobals) = postSolution
		SolutionGuid = {A08703AF-B15B-4F3F-AFB4-0D62FE7717D7}
	EndGlobalSection
EndGlobal
